{
  "name": "wp-graphql-polylang",
  "version": "1.0.0",
  "lockfileVersion": 1,
  "requires": true,
  "dependencies": {
    "@prettier/plugin-php": {
      "version": "0.10.2",
      "resolved": "https://registry.npmjs.org/@prettier/plugin-php/-/plugin-php-0.10.2.tgz",
      "integrity": "sha512-FCzNR2kqlS9YV81JguX4vYnpwFn6cOlLwUZaEB0jIjPcrEgqqBwk6KSERTA5cE+lX5Ynip5rkV1hydGufwyJ7A==",
      "requires": {
        "linguist-languages": "^6.3.0",
        "mem": "^4.0.0",
        "php-parser": "github:glayzzle/php-parser#71485979b688d12fb130d3e853fdc00348671e00"
      }
    },
    "linguist-languages": {
      "version": "6.3.0",
      "resolved": "https://registry.npmjs.org/linguist-languages/-/linguist-languages-6.3.0.tgz",
      "integrity": "sha512-d86fIQM00SqmBmAErxRpBEBe2Nw/WK4Se999wavaXc+lqarOLnoenGP3V/wgBclxKsRXEYWTd6mvv8373vPSKg=="
    },
    "map-age-cleaner": {
      "version": "0.1.3",
      "resolved": "https://registry.npmjs.org/map-age-cleaner/-/map-age-cleaner-0.1.3.tgz",
      "integrity": "sha512-bJzx6nMoP6PDLPBFmg7+xRKeFZvFboMrGlxmNj9ClvX53KrmvM5bXFXEWjbz4cz1AFn+jWJ9z/DJSz7hrs0w3w==",
      "requires": {
        "p-defer": "^1.0.0"
      }
    },
    "mem": {
      "version": "4.1.0",
      "resolved": "https://registry.npmjs.org/mem/-/mem-4.1.0.tgz",
      "integrity": "sha512-I5u6Q1x7wxO0kdOpYBB28xueHADYps5uty/zg936CiG8NTe5sJL8EjrCuLneuDW3PlMdZBGDIn8BirEVdovZvg==",
      "requires": {
        "map-age-cleaner": "^0.1.1",
        "mimic-fn": "^1.0.0",
        "p-is-promise": "^2.0.0"
      }
    },
    "mimic-fn": {
      "version": "1.2.0",
      "resolved": "https://registry.npmjs.org/mimic-fn/-/mimic-fn-1.2.0.tgz",
      "integrity": "sha512-jf84uxzwiuiIVKiOLpfYk7N46TSy8ubTonmneY9vrpHNAnp0QBt2BxWV9dO3/j+BoVAb+a5G6YDPW3M5HOdMWQ=="
    },
    "p-defer": {
      "version": "1.0.0",
      "resolved": "https://registry.npmjs.org/p-defer/-/p-defer-1.0.0.tgz",
      "integrity": "sha1-n26xgvbJqozXQwBKfU+WsZaw+ww="
    },
    "p-is-promise": {
      "version": "2.0.0",
      "resolved": "https://registry.npmjs.org/p-is-promise/-/p-is-promise-2.0.0.tgz",
      "integrity": "sha512-pzQPhYMCAgLAKPWD2jC3Se9fEfrD9npNos0y150EeqZll7akhEgGhTW/slB6lHku8AvYGiJ+YJ5hfHKePPgFWg=="
    },
    "php-parser": {
      "version": "github:glayzzle/php-parser#71485979b688d12fb130d3e853fdc00348671e00",
      "from": "github:glayzzle/php-parser#71485979b688d12fb130d3e853fdc00348671e00"
    },
    "prettier": {
      "version": "1.17.0",
      "resolved": "https://registry.npmjs.org/prettier/-/prettier-1.17.0.tgz",
      "integrity": "sha512-sXe5lSt2WQlCbydGETgfm1YBShgOX4HxQkFPvbxkcwgDvGDeqVau8h+12+lmSVlP3rHPz0oavfddSZg/q+Szjw=="
    }
  }
}
