{
  "name": "wp-graphql-polylang",
  "version": "1.0.0",
  "lockfileVersion": 1,
  "requires": true,
  "dependencies": {
    "@prettier/plugin-php": {
      "version": "0.13.0",
      "resolved": "https://registry.npmjs.org/@prettier/plugin-php/-/plugin-php-0.13.0.tgz",
      "integrity": "sha512-mcEmjmU6paeltl9M94jbazRXpFWo9r1negDBttJFVdorgD/IjaO+hUCzo0AZit++Y38e8T903MfdpD+V7Xfi3A==",
      "requires": {
        "linguist-languages": "^7.5.1",
        "mem": "^6.0.1",
        "php-parser": "github:glayzzle/php-parser#4e9d584c7bd478175777e643e8d9d57d1863023a"
      }
    },
    "linguist-languages": {
      "version": "7.8.0",
      "resolved": "https://registry.npmjs.org/linguist-languages/-/linguist-languages-7.8.0.tgz",
      "integrity": "sha512-fV9VJbQdIBv9FvAe7wIyTWGNy468yvHhXqzGJylKhCX4EUX8Xk2tjs3XgblGLLTl+OGmEfY1M8klvWRG4FdHgQ=="
    },
    "map-age-cleaner": {
      "version": "0.1.3",
      "resolved": "https://registry.npmjs.org/map-age-cleaner/-/map-age-cleaner-0.1.3.tgz",
      "integrity": "sha512-bJzx6nMoP6PDLPBFmg7+xRKeFZvFboMrGlxmNj9ClvX53KrmvM5bXFXEWjbz4cz1AFn+jWJ9z/DJSz7hrs0w3w==",
      "requires": {
        "p-defer": "^1.0.0"
      }
    },
    "mem": {
      "version": "6.0.1",
      "resolved": "https://registry.npmjs.org/mem/-/mem-6.0.1.tgz",
      "integrity": "sha512-uIRYASflIsXqvKe+7aXbLrydaRzz4qiK6amqZDQI++eRtW3UoKtnDcGeCAOREgll7YMxO5E4VB9+3B0LFmy96g==",
      "requires": {
        "map-age-cleaner": "^0.1.3",
        "mimic-fn": "^3.0.0"
      }
    },
    "mimic-fn": {
      "version": "3.0.0",
      "resolved": "https://registry.npmjs.org/mimic-fn/-/mimic-fn-3.0.0.tgz",
      "integrity": "sha512-PiVO95TKvhiwgSwg1IdLYlCTdul38yZxZMIcnDSFIBUm4BNZha2qpQ4GpJ++15bHoKDtrW2D69lMfFwdFYtNZQ=="
    },
    "p-defer": {
      "version": "1.0.0",
      "resolved": "https://registry.npmjs.org/p-defer/-/p-defer-1.0.0.tgz",
      "integrity": "sha1-n26xgvbJqozXQwBKfU+WsZaw+ww="
    },
    "php-parser": {
      "version": "github:glayzzle/php-parser#4e9d584c7bd478175777e643e8d9d57d1863023a",
      "from": "github:glayzzle/php-parser#4e9d584c7bd478175777e643e8d9d57d1863023a"
    },
    "prettier": {
      "version": "1.19.1",
      "resolved": "https://registry.npmjs.org/prettier/-/prettier-1.19.1.tgz",
      "integrity": "sha512-s7PoyDv/II1ObgQunCbB9PdLmUcBZcnWOcxDh7O0N/UwDEsHyqkW+Qh28jW+mVuCdx7gLB0BotYI1Y6uI9iyew=="
    }
  }
}
