{
    "name": "wp-graphql-polylang",
    "version": "1.0.0",
    "lockfileVersion": 1,
    "requires": true,
    "dependencies": {
        "@prettier/plugin-php": {
            "version": "0.14.0",
            "resolved": "https://registry.npmjs.org/@prettier/plugin-php/-/plugin-php-0.14.0.tgz",
            "integrity": "sha512-aUHD08hly/mBFMZlQbXZoA+k4DixiWZACLzT4Mz90qK6nlkw9TbPaby11m8OIwXcyUQRW6BeZ6hk209TbPxraQ==",
            "requires": {
                "linguist-languages": "^7.5.1",
                "mem": "^6.0.1",
                "php-parser": "3.0.0"
            }
        },
        "linguist-languages": {
            "version": "7.9.0",
            "resolved": "https://registry.npmjs.org/linguist-languages/-/linguist-languages-7.9.0.tgz",
            "integrity": "sha512-saKTpS7BH8vOOwzrZNTkFL/DuT2JN7cg6oHWY8nAjt89+pV1qFcpbjEEcZdAv9ogc4DcxVFHkXmjeyU/DiFHQw=="
        },
        "map-age-cleaner": {
            "version": "0.1.3",
            "resolved": "https://registry.npmjs.org/map-age-cleaner/-/map-age-cleaner-0.1.3.tgz",
            "integrity": "sha512-bJzx6nMoP6PDLPBFmg7+xRKeFZvFboMrGlxmNj9ClvX53KrmvM5bXFXEWjbz4cz1AFn+jWJ9z/DJSz7hrs0w3w==",
            "requires": {
                "p-defer": "^1.0.0"
            }
        },
        "mem": {
            "version": "6.1.0",
            "resolved": "https://registry.npmjs.org/mem/-/mem-6.1.0.tgz",
            "integrity": "sha512-RlbnLQgRHk5lwqTtpEkBTQ2ll/CG/iB+J4Hy2Wh97PjgZgXgWJWrFF+XXujh3UUVLvR4OOTgZzcWMMwnehlEUg==",
            "requires": {
                "map-age-cleaner": "^0.1.3",
                "mimic-fn": "^3.0.0"
            }
        },
        "mimic-fn": {
            "version": "3.0.0",
            "resolved": "https://registry.npmjs.org/mimic-fn/-/mimic-fn-3.0.0.tgz",
            "integrity": "sha512-PiVO95TKvhiwgSwg1IdLYlCTdul38yZxZMIcnDSFIBUm4BNZha2qpQ4GpJ++15bHoKDtrW2D69lMfFwdFYtNZQ=="
        },
        "p-defer": {
            "version": "1.0.0",
            "resolved": "https://registry.npmjs.org/p-defer/-/p-defer-1.0.0.tgz",
            "integrity": "sha1-n26xgvbJqozXQwBKfU+WsZaw+ww="
        },
        "php-parser": {
            "version": "3.0.0",
            "resolved": "https://registry.npmjs.org/php-parser/-/php-parser-3.0.0.tgz",
            "integrity": "sha512-WqGNf8Y5LBOXKJz9eKMwxjqfJ7KnwVU7DH3ebPTaOLlPtVrig++zG8KoOXywY9V9jQxY+wOY0EtC/e+wamaxsQ=="
        },
        "prettier": {
            "version": "2.0.4",
            "resolved": "https://registry.npmjs.org/prettier/-/prettier-2.0.4.tgz",
            "integrity": "sha512-SVJIQ51spzFDvh4fIbCLvciiDMCrRhlN3mbZvv/+ycjvmF5E73bKdGfU8QDLNmjYJf+lsGnDBC4UUnvTe5OO0w=="
        }
    }
}
